// !$*UTF8*$!
{
	archiveVersion = 1;
	classes = {
	};
	objectVersion = 51;
	objects = {

/* Begin PBXBuildFile section */
		5BEA9A877748625386640D24 /* Pods_Issue.framework in Frameworks */ = {isa = PBXBuildFile; fileRef = 60CFB7A1EFE634589CE2F595 /* Pods_Issue.framework */; };
		719D301926E4330D0077AE0F /* AppDelegate.swift in Sources */ = {isa = PBXBuildFile; fileRef = 719D301826E4330D0077AE0F /* AppDelegate.swift */; };
		719D301B26E4330D0077AE0F /* SceneDelegate.swift in Sources */ = {isa = PBXBuildFile; fileRef = 719D301A26E4330D0077AE0F /* SceneDelegate.swift */; };
		719D302226E4330E0077AE0F /* Assets.xcassets in Resources */ = {isa = PBXBuildFile; fileRef = 719D302126E4330E0077AE0F /* Assets.xcassets */; };
		719D302526E4330E0077AE0F /* LaunchScreen.storyboard in Resources */ = {isa = PBXBuildFile; fileRef = 719D302326E4330E0077AE0F /* LaunchScreen.storyboard */; };
		719D303026E43B230077AE0F /* MainViewController.swift in Sources */ = {isa = PBXBuildFile; fileRef = 719D302F26E43B230077AE0F /* MainViewController.swift */; };
		719D303326E43E470077AE0F /* Scene.swift in Sources */ = {isa = PBXBuildFile; fileRef = 719D303226E43E470077AE0F /* Scene.swift */; };
		719D303626E43EDE0077AE0F /* MainViewModel.swift in Sources */ = {isa = PBXBuildFile; fileRef = 719D303526E43EDE0077AE0F /* MainViewModel.swift */; };
		719D303926E43EF90077AE0F /* CommonViewModel.swift in Sources */ = {isa = PBXBuildFile; fileRef = 719D303826E43EF90077AE0F /* CommonViewModel.swift */; };
		719D303B26E43F4C0077AE0F /* ViewModelBindableType.swift in Sources */ = {isa = PBXBuildFile; fileRef = 719D303A26E43F4C0077AE0F /* ViewModelBindableType.swift */; };
/* End PBXBuildFile section */

/* Begin PBXFileReference section */
		04E3A12F968AA28FA0F3B5C5 /* Pods-Issue.release.xcconfig */ = {isa = PBXFileReference; includeInIndex = 1; lastKnownFileType = text.xcconfig; name = "Pods-Issue.release.xcconfig"; path = "Target Support Files/Pods-Issue/Pods-Issue.release.xcconfig"; sourceTree = "<group>"; };
		60CFB7A1EFE634589CE2F595 /* Pods_Issue.framework */ = {isa = PBXFileReference; explicitFileType = wrapper.framework; includeInIndex = 0; path = Pods_Issue.framework; sourceTree = BUILT_PRODUCTS_DIR; };
		719D301526E4330D0077AE0F /* Issue.app */ = {isa = PBXFileReference; explicitFileType = wrapper.application; includeInIndex = 0; path = Issue.app; sourceTree = BUILT_PRODUCTS_DIR; };
		719D301826E4330D0077AE0F /* AppDelegate.swift */ = {isa = PBXFileReference; lastKnownFileType = sourcecode.swift; path = AppDelegate.swift; sourceTree = "<group>"; };
		719D301A26E4330D0077AE0F /* SceneDelegate.swift */ = {isa = PBXFileReference; lastKnownFileType = sourcecode.swift; path = SceneDelegate.swift; sourceTree = "<group>"; };
		719D302126E4330E0077AE0F /* Assets.xcassets */ = {isa = PBXFileReference; lastKnownFileType = folder.assetcatalog; path = Assets.xcassets; sourceTree = "<group>"; };
		719D302426E4330E0077AE0F /* Base */ = {isa = PBXFileReference; lastKnownFileType = file.storyboard; name = Base; path = Base.lproj/LaunchScreen.storyboard; sourceTree = "<group>"; };
		719D302626E4330E0077AE0F /* Info.plist */ = {isa = PBXFileReference; lastKnownFileType = text.plist.xml; path = Info.plist; sourceTree = "<group>"; };
		719D302F26E43B230077AE0F /* MainViewController.swift */ = {isa = PBXFileReference; lastKnownFileType = sourcecode.swift; path = MainViewController.swift; sourceTree = "<group>"; };
		719D303226E43E470077AE0F /* Scene.swift */ = {isa = PBXFileReference; lastKnownFileType = sourcecode.swift; path = Scene.swift; sourceTree = "<group>"; };
		719D303526E43EDE0077AE0F /* MainViewModel.swift */ = {isa = PBXFileReference; lastKnownFileType = sourcecode.swift; path = MainViewModel.swift; sourceTree = "<group>"; };
		719D303826E43EF90077AE0F /* CommonViewModel.swift */ = {isa = PBXFileReference; lastKnownFileType = sourcecode.swift; path = CommonViewModel.swift; sourceTree = "<group>"; };
		719D303A26E43F4C0077AE0F /* ViewModelBindableType.swift */ = {isa = PBXFileReference; lastKnownFileType = sourcecode.swift; path = ViewModelBindableType.swift; sourceTree = "<group>"; };
		801AA2F1DF256DB6CECE654D /* Pods-Issue.debug.xcconfig */ = {isa = PBXFileReference; includeInIndex = 1; lastKnownFileType = text.xcconfig; name = "Pods-Issue.debug.xcconfig"; path = "Target Support Files/Pods-Issue/Pods-Issue.debug.xcconfig"; sourceTree = "<group>"; };
/* End PBXFileReference section */

/* Begin PBXFrameworksBuildPhase section */
		719D301226E4330D0077AE0F /* Frameworks */ = {
			isa = PBXFrameworksBuildPhase;
			buildActionMask = 2147483647;
			files = (
				5BEA9A877748625386640D24 /* Pods_Issue.framework in Frameworks */,
			);
			runOnlyForDeploymentPostprocessing = 0;
		};
/* End PBXFrameworksBuildPhase section */

/* Begin PBXGroup section */
		5F8D9FABA0DE03E0B22C40CB /* Pods */ = {
			isa = PBXGroup;
			children = (
				801AA2F1DF256DB6CECE654D /* Pods-Issue.debug.xcconfig */,
				04E3A12F968AA28FA0F3B5C5 /* Pods-Issue.release.xcconfig */,
			);
			path = Pods;
			sourceTree = "<group>";
		};
		705EC55C4139A49D3E06F49B /* Frameworks */ = {
			isa = PBXGroup;
			children = (
				60CFB7A1EFE634589CE2F595 /* Pods_Issue.framework */,
			);
			name = Frameworks;
			sourceTree = "<group>";
		};
		719D300C26E4330D0077AE0F = {
			isa = PBXGroup;
			children = (
				719D301726E4330D0077AE0F /* Issue */,
				719D301626E4330D0077AE0F /* Products */,
				5F8D9FABA0DE03E0B22C40CB /* Pods */,
				705EC55C4139A49D3E06F49B /* Frameworks */,
			);
			sourceTree = "<group>";
		};
		719D301626E4330D0077AE0F /* Products */ = {
			isa = PBXGroup;
			children = (
				719D301526E4330D0077AE0F /* Issue.app */,
			);
			name = Products;
			sourceTree = "<group>";
		};
		719D301726E4330D0077AE0F /* Issue */ = {
			isa = PBXGroup;
			children = (
				719D303426E43ED30077AE0F /* ViewModel */,
				719D302D26E434660077AE0F /* View */,
				719D302C26E4345C0077AE0F /* Supports */,
				719D302126E4330E0077AE0F /* Assets.xcassets */,
				719D302326E4330E0077AE0F /* LaunchScreen.storyboard */,
				719D302626E4330E0077AE0F /* Info.plist */,
			);
			path = Issue;
			sourceTree = "<group>";
		};
		719D302C26E4345C0077AE0F /* Supports */ = {
			isa = PBXGroup;
			children = (
				719D301826E4330D0077AE0F /* AppDelegate.swift */,
				719D301A26E4330D0077AE0F /* SceneDelegate.swift */,
			);
			path = Supports;
			sourceTree = "<group>";
		};
		719D302D26E434660077AE0F /* View */ = {
			isa = PBXGroup;
			children = (
				719D303126E43E3C0077AE0F /* Scene */,
				719D302E26E4346B0077AE0F /* Controller */,
			);
			path = View;
			sourceTree = "<group>";
		};
		719D302E26E4346B0077AE0F /* Controller */ = {
			isa = PBXGroup;
			children = (
				719D302F26E43B230077AE0F /* MainViewController.swift */,
				719D303A26E43F4C0077AE0F /* ViewModelBindableType.swift */,
			);
			path = Controller;
			sourceTree = "<group>";
		};
		719D303126E43E3C0077AE0F /* Scene */ = {
			isa = PBXGroup;
			children = (
				719D303226E43E470077AE0F /* Scene.swift */,
			);
			path = Scene;
			sourceTree = "<group>";
		};
		719D303426E43ED30077AE0F /* ViewModel */ = {
			isa = PBXGroup;
			children = (
				719D303526E43EDE0077AE0F /* MainViewModel.swift */,
				719D303826E43EF90077AE0F /* CommonViewModel.swift */,
			);
			path = ViewModel;
			sourceTree = "<group>";
		};
/* End PBXGroup section */

/* Begin PBXNativeTarget section */
		719D301426E4330D0077AE0F /* Issue */ = {
			isa = PBXNativeTarget;
			buildConfigurationList = 719D302926E4330E0077AE0F /* Build configuration list for PBXNativeTarget "Issue" */;
			buildPhases = (
				27853783191BF312DF3F1B82 /* [CP] Check Pods Manifest.lock */,
				719D301126E4330D0077AE0F /* Sources */,
				719D301226E4330D0077AE0F /* Frameworks */,
				719D301326E4330D0077AE0F /* Resources */,
				DB08B8344019D7796726FFCA /* [CP] Embed Pods Frameworks */,
			);
			buildRules = (
			);
			dependencies = (
			);
			name = Issue;
			productName = Issue;
			productReference = 719D301526E4330D0077AE0F /* Issue.app */;
			productType = "com.apple.product-type.application";
		};
/* End PBXNativeTarget section */

/* Begin PBXProject section */
		719D300D26E4330D0077AE0F /* Project object */ = {
			isa = PBXProject;
			attributes = {
				LastSwiftUpdateCheck = 1250;
				LastUpgradeCheck = 1250;
				TargetAttributes = {
					719D301426E4330D0077AE0F = {
						CreatedOnToolsVersion = 12.5.1;
					};
				};
			};
			buildConfigurationList = 719D301026E4330D0077AE0F /* Build configuration list for PBXProject "Issue" */;
			compatibilityVersion = "Xcode 9.3";
			developmentRegion = en;
			hasScannedForEncodings = 0;
			knownRegions = (
				en,
				Base,
			);
			mainGroup = 719D300C26E4330D0077AE0F;
			productRefGroup = 719D301626E4330D0077AE0F /* Products */;
			projectDirPath = "";
			projectRoot = "";
			targets = (
				719D301426E4330D0077AE0F /* Issue */,
			);
		};
/* End PBXProject section */

/* Begin PBXResourcesBuildPhase section */
		719D301326E4330D0077AE0F /* Resources */ = {
			isa = PBXResourcesBuildPhase;
			buildActionMask = 2147483647;
			files = (
				719D302526E4330E0077AE0F /* LaunchScreen.storyboard in Resources */,
				719D302226E4330E0077AE0F /* Assets.xcassets in Resources */,
			);
			runOnlyForDeploymentPostprocessing = 0;
		};
/* End PBXResourcesBuildPhase section */

/* Begin PBXShellScriptBuildPhase section */
		27853783191BF312DF3F1B82 /* [CP] Check Pods Manifest.lock */ = {
			isa = PBXShellScriptBuildPhase;
			buildActionMask = 2147483647;
			files = (
			);
			inputFileListPaths = (
			);
			inputPaths = (
				"${PODS_PODFILE_DIR_PATH}/Podfile.lock",
				"${PODS_ROOT}/Manifest.lock",
			);
			name = "[CP] Check Pods Manifest.lock";
			outputFileListPaths = (
			);
			outputPaths = (
				"$(DERIVED_FILE_DIR)/Pods-Issue-checkManifestLockResult.txt",
			);
			runOnlyForDeploymentPostprocessing = 0;
			shellPath = /bin/sh;
			shellScript = "diff \"${PODS_PODFILE_DIR_PATH}/Podfile.lock\" \"${PODS_ROOT}/Manifest.lock\" > /dev/null\nif [ $? != 0 ] ; then\n    # print error to STDERR\n    echo \"error: The sandbox is not in sync with the Podfile.lock. Run 'pod install' or update your CocoaPods installation.\" >&2\n    exit 1\nfi\n# This output is used by Xcode 'outputs' to avoid re-running this script phase.\necho \"SUCCESS\" > \"${SCRIPT_OUTPUT_FILE_0}\"\n";
			showEnvVarsInLog = 0;
		};
		DB08B8344019D7796726FFCA /* [CP] Embed Pods Frameworks */ = {
			isa = PBXShellScriptBuildPhase;
			buildActionMask = 2147483647;
			files = (
			);
			inputFileListPaths = (
				"${PODS_ROOT}/Target Support Files/Pods-Issue/Pods-Issue-frameworks-${CONFIGURATION}-input-files.xcfilelist",
			);
			name = "[CP] Embed Pods Frameworks";
			outputFileListPaths = (
				"${PODS_ROOT}/Target Support Files/Pods-Issue/Pods-Issue-frameworks-${CONFIGURATION}-output-files.xcfilelist",
			);
			runOnlyForDeploymentPostprocessing = 0;
			shellPath = /bin/sh;
			shellScript = "\"${PODS_ROOT}/Target Support Files/Pods-Issue/Pods-Issue-frameworks.sh\"\n";
			showEnvVarsInLog = 0;
		};
/* End PBXShellScriptBuildPhase section */

/* Begin PBXSourcesBuildPhase section */
		719D301126E4330D0077AE0F /* Sources */ = {
			isa = PBXSourcesBuildPhase;
			buildActionMask = 2147483647;
			files = (
				719D303626E43EDE0077AE0F /* MainViewModel.swift in Sources */,
				719D303926E43EF90077AE0F /* CommonViewModel.swift in Sources */,
				719D303B26E43F4C0077AE0F /* ViewModelBindableType.swift in Sources */,
				719D303326E43E470077AE0F /* Scene.swift in Sources */,
				719D303026E43B230077AE0F /* MainViewController.swift in Sources */,
				719D301926E4330D0077AE0F /* AppDelegate.swift in Sources */,
				719D301B26E4330D0077AE0F /* SceneDelegate.swift in Sources */,
			);
			runOnlyForDeploymentPostprocessing = 0;
		};
/* End PBXSourcesBuildPhase section */

/* Begin PBXVariantGroup section */
		719D302326E4330E0077AE0F /* LaunchScreen.storyboard */ = {
			isa = PBXVariantGroup;
			children = (
				719D302426E4330E0077AE0F /* Base */,
			);
			name = LaunchScreen.storyboard;
			sourceTree = "<group>";
		};
/* End PBXVariantGroup section */

/* Begin XCBuildConfiguration section */
		719D302726E4330E0077AE0F /* Debug */ = {
			isa = XCBuildConfiguration;
			buildSettings = {
				ALWAYS_SEARCH_USER_PATHS = NO;
				CLANG_ANALYZER_NONNULL = YES;
				CLANG_ANALYZER_NUMBER_OBJECT_CONVERSION = YES_AGGRESSIVE;
				CLANG_CXX_LANGUAGE_STANDARD = "gnu++14";
				CLANG_CXX_LIBRARY = "libc++";
				CLANG_ENABLE_MODULES = YES;
				CLANG_ENABLE_OBJC_ARC = YES;
				CLANG_ENABLE_OBJC_WEAK = YES;
				CLANG_WARN_BLOCK_CAPTURE_AUTORELEASING = YES;
				CLANG_WARN_BOOL_CONVERSION = YES;
				CLANG_WARN_COMMA = YES;
				CLANG_WARN_CONSTANT_CONVERSION = YES;
				CLANG_WARN_DEPRECATED_OBJC_IMPLEMENTATIONS = YES;
				CLANG_WARN_DIRECT_OBJC_ISA_USAGE = YES_ERROR;
				CLANG_WARN_DOCUMENTATION_COMMENTS = YES;
				CLANG_WARN_EMPTY_BODY = YES;
				CLANG_WARN_ENUM_CONVERSION = YES;
				CLANG_WARN_INFINITE_RECURSION = YES;
				CLANG_WARN_INT_CONVERSION = YES;
				CLANG_WARN_NON_LITERAL_NULL_CONVERSION = YES;
				CLANG_WARN_OBJC_IMPLICIT_RETAIN_SELF = YES;
				CLANG_WARN_OBJC_LITERAL_CONVERSION = YES;
				CLANG_WARN_OBJC_ROOT_CLASS = YES_ERROR;
				CLANG_WARN_QUOTED_INCLUDE_IN_FRAMEWORK_HEADER = YES;
				CLANG_WARN_RANGE_LOOP_ANALYSIS = YES;
				CLANG_WARN_STRICT_PROTOTYPES = YES;
				CLANG_WARN_SUSPICIOUS_MOVE = YES;
				CLANG_WARN_UNGUARDED_AVAILABILITY = YES_AGGRESSIVE;
				CLANG_WARN_UNREACHABLE_CODE = YES;
				CLANG_WARN__DUPLICATE_METHOD_MATCH = YES;
				COPY_PHASE_STRIP = NO;
				DEBUG_INFORMATION_FORMAT = dwarf;
				ENABLE_STRICT_OBJC_MSGSEND = YES;
				ENABLE_TESTABILITY = YES;
				GCC_C_LANGUAGE_STANDARD = gnu11;
				GCC_DYNAMIC_NO_PIC = NO;
				GCC_NO_COMMON_BLOCKS = YES;
				GCC_OPTIMIZATION_LEVEL = 0;
				GCC_PREPROCESSOR_DEFINITIONS = (
					"DEBUG=1",
					"$(inherited)",
				);
				GCC_WARN_64_TO_32_BIT_CONVERSION = YES;
				GCC_WARN_ABOUT_RETURN_TYPE = YES_ERROR;
				GCC_WARN_UNDECLARED_SELECTOR = YES;
				GCC_WARN_UNINITIALIZED_AUTOS = YES_AGGRESSIVE;
				GCC_WARN_UNUSED_FUNCTION = YES;
				GCC_WARN_UNUSED_VARIABLE = YES;
				IPHONEOS_DEPLOYMENT_TARGET = 14.5;
				MTL_ENABLE_DEBUG_INFO = INCLUDE_SOURCE;
				MTL_FAST_MATH = YES;
				ONLY_ACTIVE_ARCH = YES;
				SDKROOT = iphoneos;
				SWIFT_ACTIVE_COMPILATION_CONDITIONS = DEBUG;
				SWIFT_OPTIMIZATION_LEVEL = "-Onone";
			};
			name = Debug;
		};
		719D302826E4330E0077AE0F /* Release */ = {
			isa = XCBuildConfiguration;
			buildSettings = {
				ALWAYS_SEARCH_USER_PATHS = NO;
				CLANG_ANALYZER_NONNULL = YES;
				CLANG_ANALYZER_NUMBER_OBJECT_CONVERSION = YES_AGGRESSIVE;
				CLANG_CXX_LANGUAGE_STANDARD = "gnu++14";
				CLANG_CXX_LIBRARY = "libc++";
				CLANG_ENABLE_MODULES = YES;
				CLANG_ENABLE_OBJC_ARC = YES;
				CLANG_ENABLE_OBJC_WEAK = YES;
				CLANG_WARN_BLOCK_CAPTURE_AUTORELEASING = YES;
				CLANG_WARN_BOOL_CONVERSION = YES;
				CLANG_WARN_COMMA = YES;
				CLANG_WARN_CONSTANT_CONVERSION = YES;
				CLANG_WARN_DEPRECATED_OBJC_IMPLEMENTATIONS = YES;
				CLANG_WARN_DIRECT_OBJC_ISA_USAGE = YES_ERROR;
				CLANG_WARN_DOCUMENTATION_COMMENTS = YES;
				CLANG_WARN_EMPTY_BODY = YES;
				CLANG_WARN_ENUM_CONVERSION = YES;
				CLANG_WARN_INFINITE_RECURSION = YES;
				CLANG_WARN_INT_CONVERSION = YES;
				CLANG_WARN_NON_LITERAL_NULL_CONVERSION = YES;
				CLANG_WARN_OBJC_IMPLICIT_RETAIN_SELF = YES;
				CLANG_WARN_OBJC_LITERAL_CONVERSION = YES;
				CLANG_WARN_OBJC_ROOT_CLASS = YES_ERROR;
				CLANG_WARN_QUOTED_INCLUDE_IN_FRAMEWORK_HEADER = YES;
				CLANG_WARN_RANGE_LOOP_ANALYSIS = YES;
				CLANG_WARN_STRICT_PROTOTYPES = YES;
				CLANG_WARN_SUSPICIOUS_MOVE = YES;
				CLANG_WARN_UNGUARDED_AVAILABILITY = YES_AGGRESSIVE;
				CLANG_WARN_UNREACHABLE_CODE = YES;
				CLANG_WARN__DUPLICATE_METHOD_MATCH = YES;
				COPY_PHASE_STRIP = NO;
				DEBUG_INFORMATION_FORMAT = "dwarf-with-dsym";
				ENABLE_NS_ASSERTIONS = NO;
				ENABLE_STRICT_OBJC_MSGSEND = YES;
				GCC_C_LANGUAGE_STANDARD = gnu11;
				GCC_NO_COMMON_BLOCKS = YES;
				GCC_WARN_64_TO_32_BIT_CONVERSION = YES;
				GCC_WARN_ABOUT_RETURN_TYPE = YES_ERROR;
				GCC_WARN_UNDECLARED_SELECTOR = YES;
				GCC_WARN_UNINITIALIZED_AUTOS = YES_AGGRESSIVE;
				GCC_WARN_UNUSED_FUNCTION = YES;
				GCC_WARN_UNUSED_VARIABLE = YES;
				IPHONEOS_DEPLOYMENT_TARGET = 14.5;
				MTL_ENABLE_DEBUG_INFO = NO;
				MTL_FAST_MATH = YES;
				SDKROOT = iphoneos;
				SWIFT_COMPILATION_MODE = wholemodule;
				SWIFT_OPTIMIZATION_LEVEL = "-O";
				VALIDATE_PRODUCT = YES;
			};
			name = Release;
		};
		719D302A26E4330E0077AE0F /* Debug */ = {
			isa = XCBuildConfiguration;
			baseConfigurationReference = 801AA2F1DF256DB6CECE654D /* Pods-Issue.debug.xcconfig */;
			buildSettings = {
				ASSETCATALOG_COMPILER_APPICON_NAME = AppIcon;
				ASSETCATALOG_COMPILER_GLOBAL_ACCENT_COLOR_NAME = AccentColor;
				CODE_SIGN_STYLE = Automatic;
				INFOPLIST_FILE = Issue/Info.plist;
				LD_RUNPATH_SEARCH_PATHS = (
					"$(inherited)",
					"@executable_path/Frameworks",
				);
				PRODUCT_BUNDLE_IDENTIFIER = Ray.Issue;
				PRODUCT_NAME = "$(TARGET_NAME)";
				SWIFT_VERSION = 5.0;
				TARGETED_DEVICE_FAMILY = "1,2";
			};
			name = Debug;
		};
		719D302B26E4330E0077AE0F /* Release */ = {
			isa = XCBuildConfiguration;
			baseConfigurationReference = 04E3A12F968AA28FA0F3B5C5 /* Pods-Issue.release.xcconfig */;
			buildSettings = {
				ASSETCATALOG_COMPILER_APPICON_NAME = AppIcon;
				ASSETCATALOG_COMPILER_GLOBAL_ACCENT_COLOR_NAME = AccentColor;
				CODE_SIGN_STYLE = Automatic;
				INFOPLIST_FILE = Issue/Info.plist;
				LD_RUNPATH_SEARCH_PATHS = (
					"$(inherited)",
					"@executable_path/Frameworks",
				);
				PRODUCT_BUNDLE_IDENTIFIER = Ray.Issue;
				PRODUCT_NAME = "$(TARGET_NAME)";
				SWIFT_VERSION = 5.0;
				TARGETED_DEVICE_FAMILY = "1,2";
			};
			name = Release;
		};
/* End XCBuildConfiguration section */

/* Begin XCConfigurationList section */
		719D301026E4330D0077AE0F /* Build configuration list for PBXProject "Issue" */ = {
			isa = XCConfigurationList;
			buildConfigurations = (
				719D302726E4330E0077AE0F /* Debug */,
				719D302826E4330E0077AE0F /* Release */,
			);
			defaultConfigurationIsVisible = 0;
			defaultConfigurationName = Release;
		};
		719D302926E4330E0077AE0F /* Build configuration list for PBXNativeTarget "Issue" */ = {
			isa = XCConfigurationList;
			buildConfigurations = (
				719D302A26E4330E0077AE0F /* Debug */,
				719D302B26E4330E0077AE0F /* Release */,
			);
			defaultConfigurationIsVisible = 0;
			defaultConfigurationName = Release;
		};
/* End XCConfigurationList section */
	};
	rootObject = 719D300D26E4330D0077AE0F /* Project object */;
}
